{
  "nodes": {
    "disko": {
      "inputs": {
        "nixpkgs": [
          "nixpkgs"
        ]
      },
      "locked": {
        "lastModified": 1681674661,
        "narHash": "sha256-UNaleEsACF/AZt2XKdml4OdbXOnnsDfvWAs6ojvG+VA=",
        "owner": "nix-community",
        "repo": "disko",
        "rev": "ba53a0433d1694b96c63ea67db0f3e1292bb2b01",
        "type": "github"
      },
      "original": {
        "owner": "nix-community",
        "repo": "disko",
        "type": "github"
      }
    },
    "flake-parts": {
      "inputs": {
        "nixpkgs-lib": [
          "nixpkgs"
        ]
      },
      "locked": {
        "lastModified": 1680392223,
        "narHash": "sha256-n3g7QFr85lDODKt250rkZj2IFS3i4/8HBU2yKHO3tqw=",
        "owner": "hercules-ci",
        "repo": "flake-parts",
        "rev": "dcc36e45d054d7bb554c9cdab69093debd91a0b5",
        "type": "github"
      },
      "original": {
        "owner": "hercules-ci",
        "repo": "flake-parts",
        "type": "github"
      }
    },
    "flake-registry": {
      "flake": false,
      "locked": {
        "lastModified": 1681032461,
        "narHash": "sha256-3xrrC7YpoajVynlvj0+iQev6PWJRjS213ulTi3HNLeo=",
        "owner": "NixOS",
        "repo": "flake-registry",
        "rev": "4ea5076e347dda44283714b8f4d580f6922064e9",
        "type": "github"
      },
      "original": {
        "owner": "NixOS",
        "repo": "flake-registry",
        "type": "github"
      }
    },
    "home-manager": {
      "inputs": {
        "nixpkgs": [
          "nixpkgs"
        ]
      },
      "locked": {
        "lastModified": 1667907331,
        "narHash": "sha256-bHkAwkYlBjkupPUFcQjimNS8gxWSWjOTevEuwdnp5m0=",
        "owner": "rycee",
        "repo": "home-manager",
        "rev": "6639e3a837fc5deb6f99554072789724997bc8e5",
        "type": "github"
      },
      "original": {
        "owner": "rycee",
        "ref": "release-22.05",
        "repo": "home-manager",
        "type": "github"
      }
    },
    "nix-index-database": {
      "inputs": {
        "nixpkgs": [
          "nixpkgs"
        ]
      },
      "locked": {
        "lastModified": 1681591833,
        "narHash": "sha256-lW+xOELafAs29yw56FG4MzNOFkh8VHC/X/tRs1wsGn8=",
        "owner": "Mic92",
        "repo": "nix-index-database",
        "rev": "68ec961c51f48768f72d2bbdb396ce65a316677e",
        "type": "github"
      },
      "original": {
        "owner": "Mic92",
        "repo": "nix-index-database",
        "type": "github"
      }
    },
    "nixos-hardware": {
      "locked": {
        "lastModified": 1680876084,
        "narHash": "sha256-eP9yxP0wc7XuVaODugh+ajgbFGaile2O1ihxiLxOuvU=",
        "owner": "NixOS",
        "repo": "nixos-hardware",
        "rev": "3006d2860a6ed5e01b0c3e7ffb730e9b293116e2",
        "type": "github"
      },
      "original": {
        "owner": "NixOS",
        "repo": "nixos-hardware",
        "type": "github"
      }
    },
    "nixpkgs": {
      "locked": {
        "lastModified": 1681737831,
        "narHash": "sha256-fMU+tjf6QBo5eNyN8Vo018q1GaybJfY1qSUh2nhGQzU=",
        "owner": "TUM-DSE",
        "repo": "nixpkgs",
        "rev": "a52af07821e045d5fac7959633cd0279e8f3b9c2",
        "type": "github"
      },
      "original": {
        "owner": "TUM-DSE",
        "ref": "release-22.11-backports",
        "repo": "nixpkgs",
        "type": "github"
      }
    },
    "nixpkgs-stable": {
      "locked": {
        "lastModified": 1681613598,
        "narHash": "sha256-Ogkoma0ytYcDoMR2N7CZFABPo+i0NNo26dPngru9tPc=",
        "owner": "NixOS",
        "repo": "nixpkgs",
        "rev": "1040ce5f652b586da95dfd80d48a745e107b9eac",
        "type": "github"
      },
      "original": {
        "owner": "NixOS",
        "ref": "release-22.11",
        "repo": "nixpkgs",
        "type": "github"
      }
    },
    "nixpkgs-unstable": {
      "locked": {
        "lastModified": 1674482358,
        "narHash": "sha256-hrFnZgOkAbL7rk4AZzZ5Ysa5tyzrb863XoFB8DQDUhs=",
        "owner": "Mic92",
        "repo": "nixpkgs",
        "rev": "c5d3ce111505f0c2e3b3bdd05120f7dcae25c1b7",
        "type": "github"
      },
      "original": {
        "owner": "Mic92",
        "ref": "riscv-fixes",
        "repo": "nixpkgs",
        "type": "github"
      }
    },
    "nur": {
      "locked": {
        "lastModified": 1681731920,
        "narHash": "sha256-neuZnv55Tpu+IJ4PqUSsSnJQ7rlnZO5uLQV6DMe2qNw=",
        "owner": "nix-community",
        "repo": "NUR",
        "rev": "8ed9352e77002728b5f46a1556f6f159e91c8660",
        "type": "github"
      },
      "original": {
        "owner": "nix-community",
        "repo": "NUR",
        "type": "github"
      }
    },
    "retiolum": {
      "locked": {
        "lastModified": 1681740204,
        "narHash": "sha256-h9ICPILgjRUzIjS9ttS1SRzEg7HCeU3VCDEGh9Xcn40=",
        "ref": "refs/heads/master",
        "rev": "af379cdd3064a06aa1d2cc56c39855d314ee6df6",
        "revCount": 298,
        "type": "git",
        "url": "https://git.thalheim.io/Mic92/retiolum"
      },
      "original": {
        "type": "git",
        "url": "https://git.thalheim.io/Mic92/retiolum"
      }
    },
    "root": {
      "inputs": {
        "disko": "disko",
        "flake-parts": "flake-parts",
        "flake-registry": "flake-registry",
        "home-manager": "home-manager",
        "nix-index-database": "nix-index-database",
        "nixos-hardware": "nixos-hardware",
        "nixpkgs": "nixpkgs",
        "nixpkgs-unstable": "nixpkgs-unstable",
        "nur": "nur",
        "retiolum": "retiolum",
        "sops-nix": "sops-nix",
        "srvos": "srvos"
      }
    },
    "sops-nix": {
      "inputs": {
        "nixpkgs": [
          "nixpkgs"
        ],
        "nixpkgs-stable": "nixpkgs-stable"
      },
      "locked": {
        "lastModified": 1681721408,
        "narHash": "sha256-NWCbZKOQEXz1hA2YDFxdd+fVrrw9edbG1DvbbLf7KUY=",
        "owner": "Mic92",
        "repo": "sops-nix",
        "rev": "de6514f8fe1b3c2b57307569a0898bc4be9ae1c5",
        "type": "github"
      },
      "original": {
        "owner": "Mic92",
        "repo": "sops-nix",
        "type": "github"
      }
    },
    "srvos": {
      "inputs": {
        "nixpkgs": [
          "nixpkgs"
        ]
      },
      "locked": {
        "lastModified": 1681721378,
        "narHash": "sha256-rbytl2lbpotUQkF1cQDBHZHZCPIXeuMGkjWbtZCYO3k=",
        "owner": "numtide",
        "repo": "srvos",
        "rev": "924c324a653f4e03ef9a9ad664e49397ebb4303b",
        "type": "github"
      },
      "original": {
        "owner": "numtide",
        "repo": "srvos",
        "type": "github"
      }
    }
  },
  "root": "root",
  "version": 7
}
