{
  "nodes": {
    "coyote": {
      "flake": false,
      "locked": {
        "lastModified": 1783057848,
        "narHash": "sha256-+TTF9jS+g0fuXTxfDmhrTvOowuxRtm/dae/PfjfQBBk=",
        "owner": "fpgasystems",
        "repo": "Coyote",
        "rev": "9c00353a474ad78ddafae7506c2d08461f6b6d1a",
        "type": "github"
      },
      "original": {
        "owner": "fpgasystems",
        "repo": "Coyote",
        "rev": "9c00353a474ad78ddafae7506c2d08461f6b6d1a",
        "type": "github"
      }
    },
    "crane": {
      "locked": {
        "lastModified": 1784564969,
        "narHash": "sha256-TkTWNhJV/8Wk3czlbz4bwHZkFCaCHPsOy+oJe4PUiXg=",
        "owner": "ipetkov",
        "repo": "crane",
        "rev": "7930f6c291de6f83c257839d434592aa085f290a",
        "type": "github"
      },
      "original": {
        "owner": "ipetkov",
        "repo": "crane",
        "type": "github"
      }
    },
    "crane_2": {
      "locked": {
        "lastModified": 1787326676,
        "narHash": "sha256-lWhBbBvC05/xwivKBBiM2YNizpmgqCgyOIzomvRuwxs=",
        "owner": "ipetkov",
        "repo": "crane",
        "rev": "692f7e9ef2ece8125b466f66f2af532b3edaed0d",
        "type": "github"
      },
      "original": {
        "owner": "ipetkov",
        "repo": "crane",
        "type": "github"
      }
    },
    "cuda-legacy": {
      "inputs": {
        "flake-parts": [
          "jetpack-nixos",
          "cuda-legacy"
        ],
        "nixpkgs": [
          "jetpack-nixos",
          "nixpkgs"
        ]
      },
      "locked": {
        "lastModified": 1779836515,
        "narHash": "sha256-X/AwJZeTjxetRM7JG2BXeffKa1PIg/uo8AP5TX/+kb0=",
        "owner": "nixos-cuda",
        "repo": "cuda-legacy",
        "rev": "baf22622e1114bb36412e5cebe2303f302edb882",
        "type": "github"
      },
      "original": {
        "owner": "nixos-cuda",
        "repo": "cuda-legacy",
        "type": "github"
      }
    },
    "disko": {
      "inputs": {
        "nixpkgs": [
          "nixpkgs"
        ]
      },
      "locked": {
        "lastModified": 1781152676,
        "narHash": "sha256-RxWs5ND31KzTG7wvMM+PMfUjyNpmIEr999lqNARaM5o=",
        "owner": "nix-community",
        "repo": "disko",
        "rev": "ff8702b4de27f72b4c78573dfb89ec74e36abdf1",
        "type": "github"
      },
      "original": {
        "owner": "nix-community",
        "repo": "disko",
        "type": "github"
      }
    },
    "fast-nix-gc": {
      "inputs": {
        "nix-darwin": "nix-darwin",
        "nixpkgs": [
          "nixpkgs"
        ],
        "treefmt-nix": [
          "treefmt-nix"
        ]
      },
      "locked": {
        "lastModified": 1787230056,
        "narHash": "sha256-AiAvfCRAeUMHmhUaKbtKhKyEmLJ2whreUP2XG2xgj8U=",
        "owner": "Mic92",
        "repo": "fast-nix-gc",
        "rev": "68287b2eb3ff360daead3e879568a9e26df5bfb1",
        "type": "github"
      },
      "original": {
        "owner": "Mic92",
        "repo": "fast-nix-gc",
        "type": "github"
      }
    },
    "fenix": {
      "inputs": {
        "nixpkgs": [
          "hosthog",
          "nixpkgs"
        ],
        "rust-analyzer-src": "rust-analyzer-src"
      },
      "locked": {
        "lastModified": 1775029908,
        "narHash": "sha256-QuPn+EN/097aBLeSqbQ7vOwc5TSOb68bAxg1+mknfmw=",
        "owner": "nix-community",
        "repo": "fenix",
        "rev": "380f1969f440e683333af5746caac76811b4a1a8",
        "type": "github"
      },
      "original": {
        "owner": "nix-community",
        "repo": "fenix",
        "type": "github"
      }
    },
    "flake-parts": {
      "inputs": {
        "nixpkgs-lib": [
          "nixpkgs"
        ]
      },
      "locked": {
        "lastModified": 1787559586,
        "narHash": "sha256-onL0VLf9vPllmT0H/OlURIU5r5t5WIEl7t4tVNKT0Nw=",
        "owner": "hercules-ci",
        "repo": "flake-parts",
        "rev": "9d0d87172c374f89da73c1cfe6d81ae62feac1f1",
        "type": "github"
      },
      "original": {
        "owner": "hercules-ci",
        "repo": "flake-parts",
        "type": "github"
      }
    },
    "flake-registry": {
      "flake": false,
      "locked": {
        "lastModified": 1782548455,
        "narHash": "sha256-Jjp/ZivVqZCLptwlSuwU8n0a8b8PXJqabxpSG7KRNuI=",
        "owner": "NixOS",
        "repo": "flake-registry",
        "rev": "10bd3d9e8eefb4725e346eddd3a505aa0aacf01b",
        "type": "github"
      },
      "original": {
        "owner": "NixOS",
        "repo": "flake-registry",
        "type": "github"
      }
    },
    "home-manager": {
      "inputs": {
        "nixpkgs": [
          "nixpkgs"
        ]
      },
      "locked": {
        "lastModified": 1787377438,
        "narHash": "sha256-Sxu1NLTD/Ern6hFGLlZmtKCSct3YQXZI/lls8RE1XeM=",
        "owner": "nix-community",
        "repo": "home-manager",
        "rev": "65258d5c65a250189fde2e35f490d15e064c4c62",
        "type": "github"
      },
      "original": {
        "owner": "nix-community",
        "ref": "release-26.05",
        "repo": "home-manager",
        "type": "github"
      }
    },
    "hosthog": {
      "inputs": {
        "fenix": "fenix",
        "flake-parts": [
          "flake-parts"
        ],
        "nixpkgs": [
          "nixpkgs"
        ]
      },
      "locked": {
        "lastModified": 1775054693,
        "narHash": "sha256-kzXPRmK+09IhoiYp5G99SStIwFtACzgfeMwsOngn7wg=",
        "owner": "pogobanane",
        "repo": "hosthog",
        "rev": "bd945c3b6fc8709818dfc8e94d99a0e03b99ff91",
        "type": "github"
      },
      "original": {
        "owner": "pogobanane",
        "repo": "hosthog",
        "type": "github"
      }
    },
    "jetpack-nixos": {
      "inputs": {
        "cuda-legacy": "cuda-legacy",
        "nixpkgs": [
          "nixpkgs"
        ]
      },
      "locked": {
        "lastModified": 1786742115,
        "narHash": "sha256-CsmoIGIIxkyVfbOWBXabtJrsurMFzapL/DYGsBsHFdY=",
        "ref": "no-overlay",
        "rev": "67c18bf5a61c1a4c3e18c17f2803bb84f825ff34",
        "shallow": true,
        "type": "git",
        "url": "https://github.com/TUM-DSE/jetpack-nixos.git"
      },
      "original": {
        "ref": "no-overlay",
        "shallow": true,
        "type": "git",
        "url": "https://github.com/TUM-DSE/jetpack-nixos.git"
      }
    },
    "kartei": {
      "inputs": {
        "crane": "crane_2",
        "nixpkgs": [
          "nixpkgs"
        ],
        "tincr": [
          "tincr"
        ],
        "treefmt-nix": "treefmt-nix"
      },
      "locked": {
        "lastModified": 1788018019,
        "narHash": "sha256-IwkuDeVBJmgPe4iZx5w3NM4x3QRIqxGALP/t6NCwG/g=",
        "owner": "krebs",
        "repo": "kartei",
        "rev": "5be56c99c7767c0fbf4697486452683798f8a48c",
        "type": "github"
      },
      "original": {
        "owner": "krebs",
        "repo": "kartei",
        "type": "github"
      }
    },
    "niks3": {
      "inputs": {
        "nixpkgs": [
          "nixpkgs"
        ],
        "treefmt-nix": [
          "treefmt-nix"
        ]
      },
      "locked": {
        "lastModified": 1787902956,
        "narHash": "sha256-YXho09NAEUq1bytQw16A+RRP0kA+VsyHAnbjFFp8mCA=",
        "owner": "Mic92",
        "repo": "niks3",
        "rev": "e2f2701fa566cb6b3369a82aae255ffb276ead9f",
        "type": "github"
      },
      "original": {
        "owner": "Mic92",
        "repo": "niks3",
        "type": "github"
      }
    },
    "nix-darwin": {
      "inputs": {
        "nixpkgs": [
          "fast-nix-gc",
          "nixpkgs"
        ]
      },
      "locked": {
        "lastModified": 1785389976,
        "narHash": "sha256-0tLW8Ff5yt8AH97jw4ZpFJ0OCJ122zIlgWGDmOfU/VU=",
        "owner": "nix-darwin",
        "repo": "nix-darwin",
        "rev": "15abb8c98f336cd8bd840d71059adebabe60bf04",
        "type": "github"
      },
      "original": {
        "owner": "nix-darwin",
        "repo": "nix-darwin",
        "type": "github"
      }
    },
    "nix-darwin_2": {
      "inputs": {
        "nixpkgs": [
          "tribuchet",
          "nixpkgs"
        ]
      },
      "locked": {
        "lastModified": 1786845137,
        "narHash": "sha256-oQFip+v0luP8NIxJzmiW4Wu8bILsbFWom5l0zonl8hQ=",
        "owner": "nix-darwin",
        "repo": "nix-darwin",
        "rev": "4cff07de74b50e64bdd68cd4e722ab5b6b35ee48",
        "type": "github"
      },
      "original": {
        "owner": "nix-darwin",
        "repo": "nix-darwin",
        "type": "github"
      }
    },
    "nix-index-database": {
      "inputs": {
        "nixpkgs": [
          "nixpkgs"
        ]
      },
      "locked": {
        "lastModified": 1786249295,
        "narHash": "sha256-Y2mSr+HLKYoOsjiackgilxkHXe8gkJ3z4hFFekjQX3I=",
        "owner": "Mic92",
        "repo": "nix-index-database",
        "rev": "14d55b8069119e3b88da7aa2f6c97f86a2cd3cd6",
        "type": "github"
      },
      "original": {
        "owner": "Mic92",
        "repo": "nix-index-database",
        "type": "github"
      }
    },
    "nixbot": {
      "inputs": {
        "nixpkgs": [
          "nixpkgs"
        ],
        "treefmt-nix": [
          "treefmt-nix"
        ]
      },
      "locked": {
        "lastModified": 1787791768,
        "narHash": "sha256-lKN0sjSFOfqcgTY1Etya1f/PqjCtAjzJKNjz0Vy0bxw=",
        "owner": "Mic92",
        "repo": "nixbot",
        "rev": "8922da2683f10ff4818c2649a323f558b793edc4",
        "type": "github"
      },
      "original": {
        "owner": "Mic92",
        "repo": "nixbot",
        "type": "github"
      }
    },
    "nixos-apple-silicon": {
      "inputs": {
        "flake-compat": [],
        "nixpkgs": [
          "nixpkgs"
        ]
      },
      "locked": {
        "lastModified": 1783079127,
        "narHash": "sha256-mNuifmp/gJ73tsLDAf6Q4iwhuDCSrS88G7BlvAsa42E=",
        "owner": "nix-community",
        "repo": "nixos-apple-silicon",
        "rev": "8c666069ee3070445b1040f9aa357b78c08eb9ce",
        "type": "github"
      },
      "original": {
        "owner": "nix-community",
        "repo": "nixos-apple-silicon",
        "type": "github"
      }
    },
    "nixos-generators": {
      "inputs": {
        "nixlib": [
          "nixpkgs"
        ],
        "nixpkgs": [
          "nixpkgs"
        ]
      },
      "locked": {
        "lastModified": 1769813415,
        "narHash": "sha256-nnVmNNKBi1YiBNPhKclNYDORoHkuKipoz7EtVnXO50A=",
        "owner": "nix-community",
        "repo": "nixos-generators",
        "rev": "8946737ff703382fda7623b9fab071d037e897d5",
        "type": "github"
      },
      "original": {
        "owner": "nix-community",
        "repo": "nixos-generators",
        "type": "github"
      }
    },
    "nixos-hardware": {
      "inputs": {
        "nixpkgs": [
          "nixpkgs"
        ]
      },
      "locked": {
        "lastModified": 1785232496,
        "narHash": "sha256-65EQYIRRpTdpH8lUiB6Mvo5uBkG60aBIzAJuALfx+O0=",
        "owner": "NixOS",
        "repo": "nixos-hardware",
        "rev": "2e790b0a6be8ec2b76174ac0931b8ff11919ec98",
        "type": "github"
      },
      "original": {
        "owner": "NixOS",
        "repo": "nixos-hardware",
        "type": "github"
      }
    },
    "nixpkgs": {
      "locked": {
        "lastModified": 1787790961,
        "narHash": "sha256-+q0MOt6eSCYNeR1QPbNKcsHWw8aTGjSNObquffi6DRg=",
        "ref": "nixos-26.05-backports",
        "rev": "a28291c0882ea4c451cc196f1daa3688197369d3",
        "shallow": true,
        "type": "git",
        "url": "https://github.com/TUM-DSE/nixpkgs.git"
      },
      "original": {
        "ref": "nixos-26.05-backports",
        "shallow": true,
        "type": "git",
        "url": "https://github.com/TUM-DSE/nixpkgs.git"
      }
    },
    "root": {
      "inputs": {
        "coyote": "coyote",
        "crane": "crane",
        "disko": "disko",
        "fast-nix-gc": "fast-nix-gc",
        "flake-parts": "flake-parts",
        "flake-registry": "flake-registry",
        "home-manager": "home-manager",
        "hosthog": "hosthog",
        "jetpack-nixos": "jetpack-nixos",
        "kartei": "kartei",
        "niks3": "niks3",
        "nix-index-database": "nix-index-database",
        "nixbot": "nixbot",
        "nixos-apple-silicon": "nixos-apple-silicon",
        "nixos-generators": "nixos-generators",
        "nixos-hardware": "nixos-hardware",
        "nixpkgs": "nixpkgs",
        "sops-nix": "sops-nix",
        "srvos": "srvos",
        "tincr": "tincr",
        "treefmt-nix": "treefmt-nix_2",
        "tribuchet": "tribuchet",
        "zfs-dedup": "zfs-dedup"
      }
    },
    "rust-analyzer-src": {
      "flake": false,
      "locked": {
        "lastModified": 1774948198,
        "narHash": "sha256-oVPo0/3CXM/5uFKu1ZwP7osSV2tiQIFU09Y3UzNbm7g=",
        "owner": "rust-lang",
        "repo": "rust-analyzer",
        "rev": "63b3eff38ef1c216480147dd53b0e4365d55f269",
        "type": "github"
      },
      "original": {
        "owner": "rust-lang",
        "ref": "nightly",
        "repo": "rust-analyzer",
        "type": "github"
      }
    },
    "sops-nix": {
      "inputs": {
        "nixpkgs": [
          "nixpkgs"
        ]
      },
      "locked": {
        "lastModified": 1786629091,
        "narHash": "sha256-gkig4nPi1CWc4Z50GBsjE4ygSE7hMpl/TwID2an2Cck=",
        "owner": "Mic92",
        "repo": "sops-nix",
        "rev": "a8627b21b9107c5711c96b84f32a9a4b3d45295f",
        "type": "github"
      },
      "original": {
        "owner": "Mic92",
        "repo": "sops-nix",
        "type": "github"
      }
    },
    "srvos": {
      "inputs": {
        "nixpkgs": [
          "nixpkgs"
        ]
      },
      "locked": {
        "lastModified": 1786933611,
        "narHash": "sha256-FhNVyQZuDvWOozJ1mNuFJ/LY62r3PtBC+kzQNzdi400=",
        "owner": "numtide",
        "repo": "srvos",
        "rev": "3fea6d6ca2b90b9e86b36b0dc23abc8f92cf5b9f",
        "type": "github"
      },
      "original": {
        "owner": "numtide",
        "repo": "srvos",
        "type": "github"
      }
    },
    "tincr": {
      "inputs": {
        "crane": [
          "crane"
        ],
        "fenix": [
          "hosthog",
          "fenix"
        ],
        "nixpkgs": [
          "nixpkgs"
        ],
        "treefmt-nix": [
          "treefmt-nix"
        ]
      },
      "locked": {
        "lastModified": 1788080144,
        "narHash": "sha256-bbcp5fOPimxXR4KQPfv2qNVOa2sqaXB7YNHPoG19bPI=",
        "owner": "Mic92",
        "repo": "tincr",
        "rev": "3277b0821d119480f8a1567a4c11903e9dfd6587",
        "type": "github"
      },
      "original": {
        "owner": "Mic92",
        "repo": "tincr",
        "type": "github"
      }
    },
    "treefmt-nix": {
      "inputs": {
        "nixpkgs": [
          "kartei",
          "nixpkgs"
        ]
      },
      "locked": {
        "lastModified": 1786901030,
        "narHash": "sha256-WSFCsDSE5ffgD2MqzkM2CYjeFiKhRF/dJUN8uedb6YE=",
        "owner": "numtide",
        "repo": "treefmt-nix",
        "rev": "27b3b12a8e6375f28ebe122f07d230ca5459bbfa",
        "type": "github"
      },
      "original": {
        "owner": "numtide",
        "repo": "treefmt-nix",
        "type": "github"
      }
    },
    "treefmt-nix_2": {
      "inputs": {
        "nixpkgs": [
          "nixpkgs"
        ]
      },
      "locked": {
        "lastModified": 1786901030,
        "narHash": "sha256-WSFCsDSE5ffgD2MqzkM2CYjeFiKhRF/dJUN8uedb6YE=",
        "owner": "numtide",
        "repo": "treefmt-nix",
        "rev": "27b3b12a8e6375f28ebe122f07d230ca5459bbfa",
        "type": "github"
      },
      "original": {
        "owner": "numtide",
        "repo": "treefmt-nix",
        "type": "github"
      }
    },
    "tribuchet": {
      "inputs": {
        "crane": [
          "crane"
        ],
        "nix-darwin": "nix-darwin_2",
        "nixpkgs": [
          "nixpkgs"
        ],
        "treefmt-nix": [
          "treefmt-nix"
        ]
      },
      "locked": {
        "lastModified": 1787858127,
        "narHash": "sha256-UtSTRLO5zR+YMED4zx+XVbe2SHbsuWJ7CKup5AJCFuY=",
        "owner": "Mic92",
        "repo": "tribuchet",
        "rev": "261d795b8d18bfdb1f398d8faa90434da5970be6",
        "type": "github"
      },
      "original": {
        "owner": "Mic92",
        "repo": "tribuchet",
        "type": "github"
      }
    },
    "zfs-dedup": {
      "inputs": {
        "nixpkgs": [
          "nixpkgs"
        ],
        "treefmt-nix": [
          "treefmt-nix"
        ]
      },
      "locked": {
        "lastModified": 1785360342,
        "narHash": "sha256-c70POvaCP2VzLEnrizrldC4Kc225kAVXgw32NmcReXo=",
        "owner": "Mic92",
        "repo": "zfs-dedup",
        "rev": "7b90d12ceb8eee94fbce90055508dc1da632103a",
        "type": "github"
      },
      "original": {
        "owner": "Mic92",
        "repo": "zfs-dedup",
        "type": "github"
      }
    }
  },
  "root": "root",
  "version": 7
}
